
Microsoft Visual Studio Solution File, Format Version 12.00
# Visual Studio 15
Project("{FAE04EC0-301F-11D3-BF4B-00C04F79EFBC}") = "Meta.WitAi.Conduit", "Meta.WitAi.Conduit.csproj", "{3C6F646D-9E2C-F877-E20F-F32E35CFE842}"
EndProject
Project("{FAE04EC0-301F-11D3-BF4B-00C04F79EFBC}") = "Oculus.VR", "Oculus.VR.csproj", "{3D102C99-2F59-D5F3-E2DA-58F48216D0BB}"
EndProject
Project("{FAE04EC0-301F-11D3-BF4B-00C04F79EFBC}") = "Oculus.Interaction", "Oculus.Interaction.csproj", "{E21F947B-A9A2-8697-5A65-30AF63675D0F}"
EndProject
Project("{FAE04EC0-301F-11D3-BF4B-00C04F79EFBC}") = "Oculus.Interaction.Editor", "Oculus.Interaction.Editor.csproj", "{B8A32A22-2608-4C73-D495-0E212489101D}"
EndProject
Project("{FAE04EC0-301F-11D3-BF4B-00C04F79EFBC}") = "Oculus.Platform", "Oculus.Platform.csproj", "{7A59D446-594A-F419-A5F2-183165C2C638}"
EndProject
Project("{FAE04EC0-301F-11D3-BF4B-00C04F79EFBC}") = "VoiceSDK.Telemetry", "VoiceSDK.Telemetry.csproj", "{2A3F9815-F96D-538F-6856-33D19C4B4C0F}"
EndProject
Project("{FAE04EC0-301F-11D3-BF4B-00C04F79EFBC}") = "SteamVR", "SteamVR.csproj", "{C9EBADDC-E5C2-2259-0D73-28DF32280F9D}"
EndProject
Project("{FAE04EC0-301F-11D3-BF4B-00C04F79EFBC}") = "Assembly-CSharp", "Assembly-CSharp.csproj", "{86B19C97-43F8-803C-D6B1-69D0EB1A31D4}"
EndProject
Project("{FAE04EC0-301F-11D3-BF4B-00C04F79EFBC}") = "SteamVR_Input_Editor", "SteamVR_Input_Editor.csproj", "{38BDE320-1FC8-28E9-9A76-1641FACD55E2}"
EndProject
Project("{FAE04EC0-301F-11D3-BF4B-00C04F79EFBC}") = "Oculus.Interaction.OVR.Samples", "Oculus.Interaction.OVR.Samples.csproj", "{C75BFE32-6D14-1EB7-CD57-836F8BB14A4F}"
EndProject
Project("{FAE04EC0-301F-11D3-BF4B-00C04F79EFBC}") = "Meta.WitAi.Lib", "Meta.WitAi.Lib.csproj", "{17ED0468-5A5A-751B-D3A3-1931848A4EEC}"
EndProject
Project("{FAE04EC0-301F-11D3-BF4B-00C04F79EFBC}") = "Meta.WitAi.Editor", "Meta.WitAi.Editor.csproj", "{2EB6C1DF-7D9F-DC80-9502-F5E36771C728}"
EndProject
Project("{FAE04EC0-301F-11D3-BF4B-00C04F79EFBC}") = "Meta.WitAi.Conduit.Editor", "Meta.WitAi.Conduit.Editor.csproj", "{FD309A72-ED49-266C-D8CC-5ADA5E31AB23}"
EndProject
Project("{FAE04EC0-301F-11D3-BF4B-00C04F79EFBC}") = "Meta.WitAi", "Meta.WitAi.csproj", "{FFD1397E-0066-51F0-A5B0-CBE8EBB69446}"
EndProject
Project("{FAE04EC0-301F-11D3-BF4B-00C04F79EFBC}") = "Oculus.VR.Editor", "Oculus.VR.Editor.csproj", "{0A9F2351-A6EF-D1B4-D5F0-C6BD1E3B064A}"
EndProject
Project("{FAE04EC0-301F-11D3-BF4B-00C04F79EFBC}") = "Oculus.Interaction.OVR.Editor", "Oculus.Interaction.OVR.Editor.csproj", "{91BD0D64-7081-D3AE-73C4-374A6DE84D16}"
EndProject
Project("{FAE04EC0-301F-11D3-BF4B-00C04F79EFBC}") = "Oculus.LipSync", "Oculus.LipSync.csproj", "{DE307E88-A52A-C13C-92D9-97F9B1362062}"
EndProject
Project("{FAE04EC0-301F-11D3-BF4B-00C04F79EFBC}") = "Oculus.Interaction.OVR", "Oculus.Interaction.OVR.csproj", "{54FDF85F-8D58-B3D6-6C12-9F87B52608E0}"
EndProject
Project("{FAE04EC0-301F-11D3-BF4B-00C04F79EFBC}") = "VoiceSDK.Editor", "VoiceSDK.Editor.csproj", "{FECB4877-2FD9-8851-C7F2-FF9607DE7B89}"
EndProject
Project("{FAE04EC0-301F-11D3-BF4B-00C04F79EFBC}") = "Meta.WitAI.Lib.Editor", "Meta.WitAI.Lib.Editor.csproj", "{BF032722-7772-B3BE-9797-AD66B883FFBE}"
EndProject
Project("{FAE04EC0-301F-11D3-BF4B-00C04F79EFBC}") = "Oculus.AudioManager", "Oculus.AudioManager.csproj", "{AB6972D6-7D01-4A02-4E24-37C82A8692EE}"
EndProject
Project("{FAE04EC0-301F-11D3-BF4B-00C04F79EFBC}") = "Meta.Voice.Samples.BuiltInTimer", "Meta.Voice.Samples.BuiltInTimer.csproj", "{73125D8A-DFD8-F812-571F-A1DEC58A29ED}"
EndProject
Project("{FAE04EC0-301F-11D3-BF4B-00C04F79EFBC}") = "Meta.XR.BuildingBlocks.Editor", "Meta.XR.BuildingBlocks.Editor.csproj", "{19ACC809-0F79-7854-DEB6-D334EFC37718}"
EndProject
Project("{FAE04EC0-301F-11D3-BF4B-00C04F79EFBC}") = "Meta.Voice.VSDKHub.Editor", "Meta.Voice.VSDKHub.Editor.csproj", "{C7B31B6E-38F4-DCD9-E638-DFB00EAE7DCD}"
EndProject
Project("{FAE04EC0-301F-11D3-BF4B-00C04F79EFBC}") = "VoiceSDK.Dictation.Runtime", "VoiceSDK.Dictation.Runtime.csproj", "{68777146-3D7F-0072-F753-3343FD8A1347}"
EndProject
Project("{FAE04EC0-301F-11D3-BF4B-00C04F79EFBC}") = "Meta.WitAi.TTS", "Meta.WitAi.TTS.csproj", "{DBFC3CCF-BAA4-9F80-948D-F7D66752DA49}"
EndProject
Project("{FAE04EC0-301F-11D3-BF4B-00C04F79EFBC}") = "AssistantCoreSDKRuntime", "AssistantCoreSDKRuntime.csproj", "{C4B10539-BAE6-6CBE-CE48-FF18595AD643}"
EndProject
Project("{FAE04EC0-301F-11D3-BF4B-00C04F79EFBC}") = "Assembly-CSharp-Editor", "Assembly-CSharp-Editor.csproj", "{497A19AA-4330-74C7-9807-69BFCF999AA3}"
EndProject
Project("{FAE04EC0-301F-11D3-BF4B-00C04F79EFBC}") = "Meta.Voice.Samples.TTSVoices", "Meta.Voice.Samples.TTSVoices.csproj", "{6549F788-EEF7-EC6F-E68B-9D33CDD9CBD0}"
EndProject
Project("{FAE04EC0-301F-11D3-BF4B-00C04F79EFBC}") = "VoiceSDK.Runtime", "VoiceSDK.Runtime.csproj", "{A3A7F49C-01F6-572A-E0D9-62156B940D79}"
EndProject
Project("{FAE04EC0-301F-11D3-BF4B-00C04F79EFBC}") = "SteamVR_Editor", "SteamVR_Editor.csproj", "{053F2B5B-78CF-20E6-B78C-D86CBC142E6F}"
EndProject
Project("{FAE04EC0-301F-11D3-BF4B-00C04F79EFBC}") = "Oculus.VR.Scripts.Editor", "Oculus.VR.Scripts.Editor.csproj", "{610B6BB3-1013-92B2-AA8D-520F7F386F3C}"
EndProject
Project("{FAE04EC0-301F-11D3-BF4B-00C04F79EFBC}") = "Meta.Voice.Samples.LightTraits", "Meta.Voice.Samples.LightTraits.csproj", "{333E3E73-338F-65CA-E30D-95709AE111C8}"
EndProject
Project("{FAE04EC0-301F-11D3-BF4B-00C04F79EFBC}") = "Meta.Voice.Hub.Editor", "Meta.Voice.Hub.Editor.csproj", "{B3FD4F08-2CA5-2F37-38CE-A39703AA3359}"
EndProject
Project("{FAE04EC0-301F-11D3-BF4B-00C04F79EFBC}") = "Oculus.Interaction.Samples.Editor", "Oculus.Interaction.Samples.Editor.csproj", "{096C08BD-649C-211B-7A51-99F28D6E9D56}"
EndProject
Project("{FAE04EC0-301F-11D3-BF4B-00C04F79EFBC}") = "Unity.XR.Interaction.Toolkit.Samples.StarterAssets", "Unity.XR.Interaction.Toolkit.Samples.StarterAssets.csproj", "{92FA217A-B50A-6E5A-A2F7-9267B79E0723}"
EndProject
Project("{FAE04EC0-301F-11D3-BF4B-00C04F79EFBC}") = "Meta.WitAi.TTS.Editor", "Meta.WitAi.TTS.Editor.csproj", "{2601AB7A-ACAB-F719-DD92-EC297B9D3EC9}"
EndProject
Project("{FAE04EC0-301F-11D3-BF4B-00C04F79EFBC}") = "Meta.XR.BuildingBlocks", "Meta.XR.BuildingBlocks.csproj", "{4A8F8042-4093-51FB-EBA7-404764368B66}"
EndProject
Project("{FAE04EC0-301F-11D3-BF4B-00C04F79EFBC}") = "Oculus.Platform.Editor", "Oculus.Platform.Editor.csproj", "{F263F197-CE3A-5EF4-C5F3-FE797C9CD17C}"
EndProject
Project("{FAE04EC0-301F-11D3-BF4B-00C04F79EFBC}") = "Facebook.Wit.Dictation", "Facebook.Wit.Dictation.csproj", "{1E5E287F-1770-4573-EDBF-37392F29C75C}"
EndProject
Project("{FAE04EC0-301F-11D3-BF4B-00C04F79EFBC}") = "Oculus.Spatializer.Editor", "Oculus.Spatializer.Editor.csproj", "{DABA1EF0-8A70-8BA6-6D38-CCA9D7FBB738}"
EndProject
Project("{FAE04EC0-301F-11D3-BF4B-00C04F79EFBC}") = "Oculus.LipSync.Editor", "Oculus.LipSync.Editor.csproj", "{9CABDAE2-748E-190C-880D-AD4A9BF99700}"
EndProject
Project("{FAE04EC0-301F-11D3-BF4B-00C04F79EFBC}") = "Oculus.AudioManager.Utils.Editor", "Oculus.AudioManager.Utils.Editor.csproj", "{93B5557A-E6D7-14F1-1EA1-0C2B9384FC5C}"
EndProject
Project("{FAE04EC0-301F-11D3-BF4B-00C04F79EFBC}") = "Meta.VoiceSDK.Mic.Common", "Meta.VoiceSDK.Mic.Common.csproj", "{04E233A7-B41C-1538-8D19-085F1B4C8A3D}"
EndProject
Project("{FAE04EC0-301F-11D3-BF4B-00C04F79EFBC}") = "Meta.Voice.Samples.ShapesConduit", "Meta.Voice.Samples.ShapesConduit.csproj", "{CE40C668-70BD-68CC-643F-ABCDA137FE73}"
EndProject
Project("{FAE04EC0-301F-11D3-BF4B-00C04F79EFBC}") = "Oculus.Spatializer", "Oculus.Spatializer.csproj", "{2ECE05BF-807F-512E-C3B2-482D275F4F09}"
EndProject
Project("{FAE04EC0-301F-11D3-BF4B-00C04F79EFBC}") = "Meta.VoiceSDK.Mic.Other", "Meta.VoiceSDK.Mic.Other.csproj", "{41426984-B60A-CDAF-17F1-0C9A251BDCCE}"
EndProject
Project("{FAE04EC0-301F-11D3-BF4B-00C04F79EFBC}") = "Oculus.Interaction.InterfaceSupport", "Oculus.Interaction.InterfaceSupport.csproj", "{0C26399F-4D9F-3775-814B-487DBE9E3D7D}"
EndProject
Project("{FAE04EC0-301F-11D3-BF4B-00C04F79EFBC}") = "Oculus.AudioManager.Audio.Editor", "Oculus.AudioManager.Audio.Editor.csproj", "{C82E7303-DC8D-63D7-398E-0F9D333C4D93}"
EndProject
Project("{FAE04EC0-301F-11D3-BF4B-00C04F79EFBC}") = "Meta.Voice.Samples.LiveUnderstanding", "Meta.Voice.Samples.LiveUnderstanding.csproj", "{D1F467E3-A69B-EF0C-62FC-6B5AC0CACA49}"
EndProject
Project("{FAE04EC0-301F-11D3-BF4B-00C04F79EFBC}") = "VoiceSDK.Dictation.Editor", "VoiceSDK.Dictation.Editor.csproj", "{2DBBE000-AB97-A040-8C20-6C06CF682A9F}"
EndProject
Project("{FAE04EC0-301F-11D3-BF4B-00C04F79EFBC}") = "AssistantCoreSDKEditor", "AssistantCoreSDKEditor.csproj", "{E5DFDD50-23CB-E9A1-BF4F-4BF250A75CC4}"
EndProject
Project("{FAE04EC0-301F-11D3-BF4B-00C04F79EFBC}") = "Meta.VoiceSDK.Mic.WebGL", "Meta.VoiceSDK.Mic.WebGL.csproj", "{2B87746D-8F1E-C601-27FB-958D64166A7D}"
EndProject
Project("{FAE04EC0-301F-11D3-BF4B-00C04F79EFBC}") = "Meta.Voice.Hub.Runtime", "Meta.Voice.Hub.Runtime.csproj", "{33EE55B0-433F-BB5E-E6F3-7A30266D525C}"
EndProject
Project("{FAE04EC0-301F-11D3-BF4B-00C04F79EFBC}") = "Meta.Voice.Samples.Chess", "Meta.Voice.Samples.Chess.csproj", "{31E920CC-AE12-D27D-0CC0-C3C346316704}"
EndProject
Project("{FAE04EC0-301F-11D3-BF4B-00C04F79EFBC}") = "Meta.Voice.Samples.Dictation", "Meta.Voice.Samples.Dictation.csproj", "{6F5F2DBD-B4DE-ECE8-E124-3565CB3E3461}"
EndProject
Project("{FAE04EC0-301F-11D3-BF4B-00C04F79EFBC}") = "Meta.Voice.Samples.Shapes", "Meta.Voice.Samples.Shapes.csproj", "{DF956A69-1CAD-2820-BA9F-47B975F7B898}"
EndProject
Project("{FAE04EC0-301F-11D3-BF4B-00C04F79EFBC}") = "SteamVR_Windows_EditorHelper", "SteamVR_Windows_EditorHelper.csproj", "{1E78F4AC-2E65-6168-CA80-5299E3A78C1B}"
EndProject
Project("{FAE04EC0-301F-11D3-BF4B-00C04F79EFBC}") = "Facebook.Wit.Dictation.Editor", "Facebook.Wit.Dictation.Editor.csproj", "{0C582531-6F43-ACC6-2DBD-2C0BDB54F319}"
EndProject
Project("{FAE04EC0-301F-11D3-BF4B-00C04F79EFBC}") = "Unity.XR.Interaction.Toolkit.Samples.StarterAssets.Editor", "Unity.XR.Interaction.Toolkit.Samples.StarterAssets.Editor.csproj", "{39E7DE0D-85B1-50D6-F47F-FB08F6D10E4B}"
EndProject
Global
	GlobalSection(SolutionConfigurationPlatforms) = preSolution
		Debug|Any CPU = Debug|Any CPU
		Release|Any CPU = Release|Any CPU
	EndGlobalSection
	GlobalSection(ProjectConfigurationPlatforms) = postSolution
		{3C6F646D-9E2C-F877-E20F-F32E35CFE842}.Debug|Any CPU.ActiveCfg = Debug|Any CPU
		{3C6F646D-9E2C-F877-E20F-F32E35CFE842}.Debug|Any CPU.Build.0 = Debug|Any CPU
		{3C6F646D-9E2C-F877-E20F-F32E35CFE842}.Release|Any CPU.ActiveCfg = Release|Any CPU
		{3C6F646D-9E2C-F877-E20F-F32E35CFE842}.Release|Any CPU.Build.0 = Release|Any CPU
		{3D102C99-2F59-D5F3-E2DA-58F48216D0BB}.Debug|Any CPU.ActiveCfg = Debug|Any CPU
		{3D102C99-2F59-D5F3-E2DA-58F48216D0BB}.Debug|Any CPU.Build.0 = Debug|Any CPU
		{3D102C99-2F59-D5F3-E2DA-58F48216D0BB}.Release|Any CPU.ActiveCfg = Release|Any CPU
		{3D102C99-2F59-D5F3-E2DA-58F48216D0BB}.Release|Any CPU.Build.0 = Release|Any CPU
		{E21F947B-A9A2-8697-5A65-30AF63675D0F}.Debug|Any CPU.ActiveCfg = Debug|Any CPU
		{E21F947B-A9A2-8697-5A65-30AF63675D0F}.Debug|Any CPU.Build.0 = Debug|Any CPU
		{E21F947B-A9A2-8697-5A65-30AF63675D0F}.Release|Any CPU.ActiveCfg = Release|Any CPU
		{E21F947B-A9A2-8697-5A65-30AF63675D0F}.Release|Any CPU.Build.0 = Release|Any CPU
		{B8A32A22-2608-4C73-D495-0E212489101D}.Debug|Any CPU.ActiveCfg = Debug|Any CPU
		{B8A32A22-2608-4C73-D495-0E212489101D}.Debug|Any CPU.Build.0 = Debug|Any CPU
		{B8A32A22-2608-4C73-D495-0E212489101D}.Release|Any CPU.ActiveCfg = Release|Any CPU
		{B8A32A22-2608-4C73-D495-0E212489101D}.Release|Any CPU.Build.0 = Release|Any CPU
		{7A59D446-594A-F419-A5F2-183165C2C638}.Debug|Any CPU.ActiveCfg = Debug|Any CPU
		{7A59D446-594A-F419-A5F2-183165C2C638}.Debug|Any CPU.Build.0 = Debug|Any CPU
		{7A59D446-594A-F419-A5F2-183165C2C638}.Release|Any CPU.ActiveCfg = Release|Any CPU
		{7A59D446-594A-F419-A5F2-183165C2C638}.Release|Any CPU.Build.0 = Release|Any CPU
		{2A3F9815-F96D-538F-6856-33D19C4B4C0F}.Debug|Any CPU.ActiveCfg = Debug|Any CPU
		{2A3F9815-F96D-538F-6856-33D19C4B4C0F}.Debug|Any CPU.Build.0 = Debug|Any CPU
		{2A3F9815-F96D-538F-6856-33D19C4B4C0F}.Release|Any CPU.ActiveCfg = Release|Any CPU
		{2A3F9815-F96D-538F-6856-33D19C4B4C0F}.Release|Any CPU.Build.0 = Release|Any CPU
		{C9EBADDC-E5C2-2259-0D73-28DF32280F9D}.Debug|Any CPU.ActiveCfg = Debug|Any CPU
		{C9EBADDC-E5C2-2259-0D73-28DF32280F9D}.Debug|Any CPU.Build.0 = Debug|Any CPU
		{C9EBADDC-E5C2-2259-0D73-28DF32280F9D}.Release|Any CPU.ActiveCfg = Release|Any CPU
		{C9EBADDC-E5C2-2259-0D73-28DF32280F9D}.Release|Any CPU.Build.0 = Release|Any CPU
		{86B19C97-43F8-803C-D6B1-69D0EB1A31D4}.Debug|Any CPU.ActiveCfg = Debug|Any CPU
		{86B19C97-43F8-803C-D6B1-69D0EB1A31D4}.Debug|Any CPU.Build.0 = Debug|Any CPU
		{86B19C97-43F8-803C-D6B1-69D0EB1A31D4}.Release|Any CPU.ActiveCfg = Release|Any CPU
		{86B19C97-43F8-803C-D6B1-69D0EB1A31D4}.Release|Any CPU.Build.0 = Release|Any CPU
		{38BDE320-1FC8-28E9-9A76-1641FACD55E2}.Debug|Any CPU.ActiveCfg = Debug|Any CPU
		{38BDE320-1FC8-28E9-9A76-1641FACD55E2}.Debug|Any CPU.Build.0 = Debug|Any CPU
		{38BDE320-1FC8-28E9-9A76-1641FACD55E2}.Release|Any CPU.ActiveCfg = Release|Any CPU
		{38BDE320-1FC8-28E9-9A76-1641FACD55E2}.Release|Any CPU.Build.0 = Release|Any CPU
		{C75BFE32-6D14-1EB7-CD57-836F8BB14A4F}.Debug|Any CPU.ActiveCfg = Debug|Any CPU
		{C75BFE32-6D14-1EB7-CD57-836F8BB14A4F}.Debug|Any CPU.Build.0 = Debug|Any CPU
		{C75BFE32-6D14-1EB7-CD57-836F8BB14A4F}.Release|Any CPU.ActiveCfg = Release|Any CPU
		{C75BFE32-6D14-1EB7-CD57-836F8BB14A4F}.Release|Any CPU.Build.0 = Release|Any CPU
		{17ED0468-5A5A-751B-D3A3-1931848A4EEC}.Debug|Any CPU.ActiveCfg = Debug|Any CPU
		{17ED0468-5A5A-751B-D3A3-1931848A4EEC}.Debug|Any CPU.Build.0 = Debug|Any CPU
		{17ED0468-5A5A-751B-D3A3-1931848A4EEC}.Release|Any CPU.ActiveCfg = Release|Any CPU
		{17ED0468-5A5A-751B-D3A3-1931848A4EEC}.Release|Any CPU.Build.0 = Release|Any CPU
		{2EB6C1DF-7D9F-DC80-9502-F5E36771C728}.Debug|Any CPU.ActiveCfg = Debug|Any CPU
		{2EB6C1DF-7D9F-DC80-9502-F5E36771C728}.Debug|Any CPU.Build.0 = Debug|Any CPU
		{2EB6C1DF-7D9F-DC80-9502-F5E36771C728}.Release|Any CPU.ActiveCfg = Release|Any CPU
		{2EB6C1DF-7D9F-DC80-9502-F5E36771C728}.Release|Any CPU.Build.0 = Release|Any CPU
		{FD309A72-ED49-266C-D8CC-5ADA5E31AB23}.Debug|Any CPU.ActiveCfg = Debug|Any CPU
		{FD309A72-ED49-266C-D8CC-5ADA5E31AB23}.Debug|Any CPU.Build.0 = Debug|Any CPU
		{FD309A72-ED49-266C-D8CC-5ADA5E31AB23}.Release|Any CPU.ActiveCfg = Release|Any CPU
		{FD309A72-ED49-266C-D8CC-5ADA5E31AB23}.Release|Any CPU.Build.0 = Release|Any CPU
		{FFD1397E-0066-51F0-A5B0-CBE8EBB69446}.Debug|Any CPU.ActiveCfg = Debug|Any CPU
		{FFD1397E-0066-51F0-A5B0-CBE8EBB69446}.Debug|Any CPU.Build.0 = Debug|Any CPU
		{FFD1397E-0066-51F0-A5B0-CBE8EBB69446}.Release|Any CPU.ActiveCfg = Release|Any CPU
		{FFD1397E-0066-51F0-A5B0-CBE8EBB69446}.Release|Any CPU.Build.0 = Release|Any CPU
		{0A9F2351-A6EF-D1B4-D5F0-C6BD1E3B064A}.Debug|Any CPU.ActiveCfg = Debug|Any CPU
		{0A9F2351-A6EF-D1B4-D5F0-C6BD1E3B064A}.Debug|Any CPU.Build.0 = Debug|Any CPU
		{0A9F2351-A6EF-D1B4-D5F0-C6BD1E3B064A}.Release|Any CPU.ActiveCfg = Release|Any CPU
		{0A9F2351-A6EF-D1B4-D5F0-C6BD1E3B064A}.Release|Any CPU.Build.0 = Release|Any CPU
		{91BD0D64-7081-D3AE-73C4-374A6DE84D16}.Debug|Any CPU.ActiveCfg = Debug|Any CPU
		{91BD0D64-7081-D3AE-73C4-374A6DE84D16}.Debug|Any CPU.Build.0 = Debug|Any CPU
		{91BD0D64-7081-D3AE-73C4-374A6DE84D16}.Release|Any CPU.ActiveCfg = Release|Any CPU
		{91BD0D64-7081-D3AE-73C4-374A6DE84D16}.Release|Any CPU.Build.0 = Release|Any CPU
		{DE307E88-A52A-C13C-92D9-97F9B1362062}.Debug|Any CPU.ActiveCfg = Debug|Any CPU
		{DE307E88-A52A-C13C-92D9-97F9B1362062}.Debug|Any CPU.Build.0 = Debug|Any CPU
		{DE307E88-A52A-C13C-92D9-97F9B1362062}.Release|Any CPU.ActiveCfg = Release|Any CPU
		{DE307E88-A52A-C13C-92D9-97F9B1362062}.Release|Any CPU.Build.0 = Release|Any CPU
		{54FDF85F-8D58-B3D6-6C12-9F87B52608E0}.Debug|Any CPU.ActiveCfg = Debug|Any CPU
		{54FDF85F-8D58-B3D6-6C12-9F87B52608E0}.Debug|Any CPU.Build.0 = Debug|Any CPU
		{54FDF85F-8D58-B3D6-6C12-9F87B52608E0}.Release|Any CPU.ActiveCfg = Release|Any CPU
		{54FDF85F-8D58-B3D6-6C12-9F87B52608E0}.Release|Any CPU.Build.0 = Release|Any CPU
		{FECB4877-2FD9-8851-C7F2-FF9607DE7B89}.Debug|Any CPU.ActiveCfg = Debug|Any CPU
		{FECB4877-2FD9-8851-C7F2-FF9607DE7B89}.Debug|Any CPU.Build.0 = Debug|Any CPU
		{FECB4877-2FD9-8851-C7F2-FF9607DE7B89}.Release|Any CPU.ActiveCfg = Release|Any CPU
		{FECB4877-2FD9-8851-C7F2-FF9607DE7B89}.Release|Any CPU.Build.0 = Release|Any CPU
		{BF032722-7772-B3BE-9797-AD66B883FFBE}.Debug|Any CPU.ActiveCfg = Debug|Any CPU
		{BF032722-7772-B3BE-9797-AD66B883FFBE}.Debug|Any CPU.Build.0 = Debug|Any CPU
		{BF032722-7772-B3BE-9797-AD66B883FFBE}.Release|Any CPU.ActiveCfg = Release|Any CPU
		{BF032722-7772-B3BE-9797-AD66B883FFBE}.Release|Any CPU.Build.0 = Release|Any CPU
		{AB6972D6-7D01-4A02-4E24-37C82A8692EE}.Debug|Any CPU.ActiveCfg = Debug|Any CPU
		{AB6972D6-7D01-4A02-4E24-37C82A8692EE}.Debug|Any CPU.Build.0 = Debug|Any CPU
		{AB6972D6-7D01-4A02-4E24-37C82A8692EE}.Release|Any CPU.ActiveCfg = Release|Any CPU
		{AB6972D6-7D01-4A02-4E24-37C82A8692EE}.Release|Any CPU.Build.0 = Release|Any CPU
		{73125D8A-DFD8-F812-571F-A1DEC58A29ED}.Debug|Any CPU.ActiveCfg = Debug|Any CPU
		{73125D8A-DFD8-F812-571F-A1DEC58A29ED}.Debug|Any CPU.Build.0 = Debug|Any CPU
		{73125D8A-DFD8-F812-571F-A1DEC58A29ED}.Release|Any CPU.ActiveCfg = Release|Any CPU
		{73125D8A-DFD8-F812-571F-A1DEC58A29ED}.Release|Any CPU.Build.0 = Release|Any CPU
		{19ACC809-0F79-7854-DEB6-D334EFC37718}.Debug|Any CPU.ActiveCfg = Debug|Any CPU
		{19ACC809-0F79-7854-DEB6-D334EFC37718}.Debug|Any CPU.Build.0 = Debug|Any CPU
		{19ACC809-0F79-7854-DEB6-D334EFC37718}.Release|Any CPU.ActiveCfg = Release|Any CPU
		{19ACC809-0F79-7854-DEB6-D334EFC37718}.Release|Any CPU.Build.0 = Release|Any CPU
		{C7B31B6E-38F4-DCD9-E638-DFB00EAE7DCD}.Debug|Any CPU.ActiveCfg = Debug|Any CPU
		{C7B31B6E-38F4-DCD9-E638-DFB00EAE7DCD}.Debug|Any CPU.Build.0 = Debug|Any CPU
		{C7B31B6E-38F4-DCD9-E638-DFB00EAE7DCD}.Release|Any CPU.ActiveCfg = Release|Any CPU
		{C7B31B6E-38F4-DCD9-E638-DFB00EAE7DCD}.Release|Any CPU.Build.0 = Release|Any CPU
		{68777146-3D7F-0072-F753-3343FD8A1347}.Debug|Any CPU.ActiveCfg = Debug|Any CPU
		{68777146-3D7F-0072-F753-3343FD8A1347}.Debug|Any CPU.Build.0 = Debug|Any CPU
		{68777146-3D7F-0072-F753-3343FD8A1347}.Release|Any CPU.ActiveCfg = Release|Any CPU
		{68777146-3D7F-0072-F753-3343FD8A1347}.Release|Any CPU.Build.0 = Release|Any CPU
		{DBFC3CCF-BAA4-9F80-948D-F7D66752DA49}.Debug|Any CPU.ActiveCfg = Debug|Any CPU
		{DBFC3CCF-BAA4-9F80-948D-F7D66752DA49}.Debug|Any CPU.Build.0 = Debug|Any CPU
		{DBFC3CCF-BAA4-9F80-948D-F7D66752DA49}.Release|Any CPU.ActiveCfg = Release|Any CPU
		{DBFC3CCF-BAA4-9F80-948D-F7D66752DA49}.Release|Any CPU.Build.0 = Release|Any CPU
		{C4B10539-BAE6-6CBE-CE48-FF18595AD643}.Debug|Any CPU.ActiveCfg = Debug|Any CPU
		{C4B10539-BAE6-6CBE-CE48-FF18595AD643}.Debug|Any CPU.Build.0 = Debug|Any CPU
		{C4B10539-BAE6-6CBE-CE48-FF18595AD643}.Release|Any CPU.ActiveCfg = Release|Any CPU
		{C4B10539-BAE6-6CBE-CE48-FF18595AD643}.Release|Any CPU.Build.0 = Release|Any CPU
		{497A19AA-4330-74C7-9807-69BFCF999AA3}.Debug|Any CPU.ActiveCfg = Debug|Any CPU
		{497A19AA-4330-74C7-9807-69BFCF999AA3}.Debug|Any CPU.Build.0 = Debug|Any CPU
		{497A19AA-4330-74C7-9807-69BFCF999AA3}.Release|Any CPU.ActiveCfg = Release|Any CPU
		{497A19AA-4330-74C7-9807-69BFCF999AA3}.Release|Any CPU.Build.0 = Release|Any CPU
		{6549F788-EEF7-EC6F-E68B-9D33CDD9CBD0}.Debug|Any CPU.ActiveCfg = Debug|Any CPU
		{6549F788-EEF7-EC6F-E68B-9D33CDD9CBD0}.Debug|Any CPU.Build.0 = Debug|Any CPU
		{6549F788-EEF7-EC6F-E68B-9D33CDD9CBD0}.Release|Any CPU.ActiveCfg = Release|Any CPU
		{6549F788-EEF7-EC6F-E68B-9D33CDD9CBD0}.Release|Any CPU.Build.0 = Release|Any CPU
		{A3A7F49C-01F6-572A-E0D9-62156B940D79}.Debug|Any CPU.ActiveCfg = Debug|Any CPU
		{A3A7F49C-01F6-572A-E0D9-62156B940D79}.Debug|Any CPU.Build.0 = Debug|Any CPU
		{A3A7F49C-01F6-572A-E0D9-62156B940D79}.Release|Any CPU.ActiveCfg = Release|Any CPU
		{A3A7F49C-01F6-572A-E0D9-62156B940D79}.Release|Any CPU.Build.0 = Release|Any CPU
		{053F2B5B-78CF-20E6-B78C-D86CBC142E6F}.Debug|Any CPU.ActiveCfg = Debug|Any CPU
		{053F2B5B-78CF-20E6-B78C-D86CBC142E6F}.Debug|Any CPU.Build.0 = Debug|Any CPU
		{053F2B5B-78CF-20E6-B78C-D86CBC142E6F}.Release|Any CPU.ActiveCfg = Release|Any CPU
		{053F2B5B-78CF-20E6-B78C-D86CBC142E6F}.Release|Any CPU.Build.0 = Release|Any CPU
		{610B6BB3-1013-92B2-AA8D-520F7F386F3C}.Debug|Any CPU.ActiveCfg = Debug|Any CPU
		{610B6BB3-1013-92B2-AA8D-520F7F386F3C}.Debug|Any CPU.Build.0 = Debug|Any CPU
		{610B6BB3-1013-92B2-AA8D-520F7F386F3C}.Release|Any CPU.ActiveCfg = Release|Any CPU
		{610B6BB3-1013-92B2-AA8D-520F7F386F3C}.Release|Any CPU.Build.0 = Release|Any CPU
		{333E3E73-338F-65CA-E30D-95709AE111C8}.Debug|Any CPU.ActiveCfg = Debug|Any CPU
		{333E3E73-338F-65CA-E30D-95709AE111C8}.Debug|Any CPU.Build.0 = Debug|Any CPU
		{333E3E73-338F-65CA-E30D-95709AE111C8}.Release|Any CPU.ActiveCfg = Release|Any CPU
		{333E3E73-338F-65CA-E30D-95709AE111C8}.Release|Any CPU.Build.0 = Release|Any CPU
		{B3FD4F08-2CA5-2F37-38CE-A39703AA3359}.Debug|Any CPU.ActiveCfg = Debug|Any CPU
		{B3FD4F08-2CA5-2F37-38CE-A39703AA3359}.Debug|Any CPU.Build.0 = Debug|Any CPU
		{B3FD4F08-2CA5-2F37-38CE-A39703AA3359}.Release|Any CPU.ActiveCfg = Release|Any CPU
		{B3FD4F08-2CA5-2F37-38CE-A39703AA3359}.Release|Any CPU.Build.0 = Release|Any CPU
		{096C08BD-649C-211B-7A51-99F28D6E9D56}.Debug|Any CPU.ActiveCfg = Debug|Any CPU
		{096C08BD-649C-211B-7A51-99F28D6E9D56}.Debug|Any CPU.Build.0 = Debug|Any CPU
		{096C08BD-649C-211B-7A51-99F28D6E9D56}.Release|Any CPU.ActiveCfg = Release|Any CPU
		{096C08BD-649C-211B-7A51-99F28D6E9D56}.Release|Any CPU.Build.0 = Release|Any CPU
		{92FA217A-B50A-6E5A-A2F7-9267B79E0723}.Debug|Any CPU.ActiveCfg = Debug|Any CPU
		{92FA217A-B50A-6E5A-A2F7-9267B79E0723}.Debug|Any CPU.Build.0 = Debug|Any CPU
		{92FA217A-B50A-6E5A-A2F7-9267B79E0723}.Release|Any CPU.ActiveCfg = Release|Any CPU
		{92FA217A-B50A-6E5A-A2F7-9267B79E0723}.Release|Any CPU.Build.0 = Release|Any CPU
		{2601AB7A-ACAB-F719-DD92-EC297B9D3EC9}.Debug|Any CPU.ActiveCfg = Debug|Any CPU
		{2601AB7A-ACAB-F719-DD92-EC297B9D3EC9}.Debug|Any CPU.Build.0 = Debug|Any CPU
		{2601AB7A-ACAB-F719-DD92-EC297B9D3EC9}.Release|Any CPU.ActiveCfg = Release|Any CPU
		{2601AB7A-ACAB-F719-DD92-EC297B9D3EC9}.Release|Any CPU.Build.0 = Release|Any CPU
		{4A8F8042-4093-51FB-EBA7-404764368B66}.Debug|Any CPU.ActiveCfg = Debug|Any CPU
		{4A8F8042-4093-51FB-EBA7-404764368B66}.Debug|Any CPU.Build.0 = Debug|Any CPU
		{4A8F8042-4093-51FB-EBA7-404764368B66}.Release|Any CPU.ActiveCfg = Release|Any CPU
		{4A8F8042-4093-51FB-EBA7-404764368B66}.Release|Any CPU.Build.0 = Release|Any CPU
		{F263F197-CE3A-5EF4-C5F3-FE797C9CD17C}.Debug|Any CPU.ActiveCfg = Debug|Any CPU
		{F263F197-CE3A-5EF4-C5F3-FE797C9CD17C}.Debug|Any CPU.Build.0 = Debug|Any CPU
		{F263F197-CE3A-5EF4-C5F3-FE797C9CD17C}.Release|Any CPU.ActiveCfg = Release|Any CPU
		{F263F197-CE3A-5EF4-C5F3-FE797C9CD17C}.Release|Any CPU.Build.0 = Release|Any CPU
		{1E5E287F-1770-4573-EDBF-37392F29C75C}.Debug|Any CPU.ActiveCfg = Debug|Any CPU
		{1E5E287F-1770-4573-EDBF-37392F29C75C}.Debug|Any CPU.Build.0 = Debug|Any CPU
		{1E5E287F-1770-4573-EDBF-37392F29C75C}.Release|Any CPU.ActiveCfg = Release|Any CPU
		{1E5E287F-1770-4573-EDBF-37392F29C75C}.Release|Any CPU.Build.0 = Release|Any CPU
		{DABA1EF0-8A70-8BA6-6D38-CCA9D7FBB738}.Debug|Any CPU.ActiveCfg = Debug|Any CPU
		{DABA1EF0-8A70-8BA6-6D38-CCA9D7FBB738}.Debug|Any CPU.Build.0 = Debug|Any CPU
		{DABA1EF0-8A70-8BA6-6D38-CCA9D7FBB738}.Release|Any CPU.ActiveCfg = Release|Any CPU
		{DABA1EF0-8A70-8BA6-6D38-CCA9D7FBB738}.Release|Any CPU.Build.0 = Release|Any CPU
		{9CABDAE2-748E-190C-880D-AD4A9BF99700}.Debug|Any CPU.ActiveCfg = Debug|Any CPU
		{9CABDAE2-748E-190C-880D-AD4A9BF99700}.Debug|Any CPU.Build.0 = Debug|Any CPU
		{9CABDAE2-748E-190C-880D-AD4A9BF99700}.Release|Any CPU.ActiveCfg = Release|Any CPU
		{9CABDAE2-748E-190C-880D-AD4A9BF99700}.Release|Any CPU.Build.0 = Release|Any CPU
		{93B5557A-E6D7-14F1-1EA1-0C2B9384FC5C}.Debug|Any CPU.ActiveCfg = Debug|Any CPU
		{93B5557A-E6D7-14F1-1EA1-0C2B9384FC5C}.Debug|Any CPU.Build.0 = Debug|Any CPU
		{93B5557A-E6D7-14F1-1EA1-0C2B9384FC5C}.Release|Any CPU.ActiveCfg = Release|Any CPU
		{93B5557A-E6D7-14F1-1EA1-0C2B9384FC5C}.Release|Any CPU.Build.0 = Release|Any CPU
		{04E233A7-B41C-1538-8D19-085F1B4C8A3D}.Debug|Any CPU.ActiveCfg = Debug|Any CPU
		{04E233A7-B41C-1538-8D19-085F1B4C8A3D}.Debug|Any CPU.Build.0 = Debug|Any CPU
		{04E233A7-B41C-1538-8D19-085F1B4C8A3D}.Release|Any CPU.ActiveCfg = Release|Any CPU
		{04E233A7-B41C-1538-8D19-085F1B4C8A3D}.Release|Any CPU.Build.0 = Release|Any CPU
		{CE40C668-70BD-68CC-643F-ABCDA137FE73}.Debug|Any CPU.ActiveCfg = Debug|Any CPU
		{CE40C668-70BD-68CC-643F-ABCDA137FE73}.Debug|Any CPU.Build.0 = Debug|Any CPU
		{CE40C668-70BD-68CC-643F-ABCDA137FE73}.Release|Any CPU.ActiveCfg = Release|Any CPU
		{CE40C668-70BD-68CC-643F-ABCDA137FE73}.Release|Any CPU.Build.0 = Release|Any CPU
		{2ECE05BF-807F-512E-C3B2-482D275F4F09}.Debug|Any CPU.ActiveCfg = Debug|Any CPU
		{2ECE05BF-807F-512E-C3B2-482D275F4F09}.Debug|Any CPU.Build.0 = Debug|Any CPU
		{2ECE05BF-807F-512E-C3B2-482D275F4F09}.Release|Any CPU.ActiveCfg = Release|Any CPU
		{2ECE05BF-807F-512E-C3B2-482D275F4F09}.Release|Any CPU.Build.0 = Release|Any CPU
		{41426984-B60A-CDAF-17F1-0C9A251BDCCE}.Debug|Any CPU.ActiveCfg = Debug|Any CPU
		{41426984-B60A-CDAF-17F1-0C9A251BDCCE}.Debug|Any CPU.Build.0 = Debug|Any CPU
		{41426984-B60A-CDAF-17F1-0C9A251BDCCE}.Release|Any CPU.ActiveCfg = Release|Any CPU
		{41426984-B60A-CDAF-17F1-0C9A251BDCCE}.Release|Any CPU.Build.0 = Release|Any CPU
		{0C26399F-4D9F-3775-814B-487DBE9E3D7D}.Debug|Any CPU.ActiveCfg = Debug|Any CPU
		{0C26399F-4D9F-3775-814B-487DBE9E3D7D}.Debug|Any CPU.Build.0 = Debug|Any CPU
		{0C26399F-4D9F-3775-814B-487DBE9E3D7D}.Release|Any CPU.ActiveCfg = Release|Any CPU
		{0C26399F-4D9F-3775-814B-487DBE9E3D7D}.Release|Any CPU.Build.0 = Release|Any CPU
		{C82E7303-DC8D-63D7-398E-0F9D333C4D93}.Debug|Any CPU.ActiveCfg = Debug|Any CPU
		{C82E7303-DC8D-63D7-398E-0F9D333C4D93}.Debug|Any CPU.Build.0 = Debug|Any CPU
		{C82E7303-DC8D-63D7-398E-0F9D333C4D93}.Release|Any CPU.ActiveCfg = Release|Any CPU
		{C82E7303-DC8D-63D7-398E-0F9D333C4D93}.Release|Any CPU.Build.0 = Release|Any CPU
		{D1F467E3-A69B-EF0C-62FC-6B5AC0CACA49}.Debug|Any CPU.ActiveCfg = Debug|Any CPU
		{D1F467E3-A69B-EF0C-62FC-6B5AC0CACA49}.Debug|Any CPU.Build.0 = Debug|Any CPU
		{D1F467E3-A69B-EF0C-62FC-6B5AC0CACA49}.Release|Any CPU.ActiveCfg = Release|Any CPU
		{D1F467E3-A69B-EF0C-62FC-6B5AC0CACA49}.Release|Any CPU.Build.0 = Release|Any CPU
		{2DBBE000-AB97-A040-8C20-6C06CF682A9F}.Debug|Any CPU.ActiveCfg = Debug|Any CPU
		{2DBBE000-AB97-A040-8C20-6C06CF682A9F}.Debug|Any CPU.Build.0 = Debug|Any CPU
		{2DBBE000-AB97-A040-8C20-6C06CF682A9F}.Release|Any CPU.ActiveCfg = Release|Any CPU
		{2DBBE000-AB97-A040-8C20-6C06CF682A9F}.Release|Any CPU.Build.0 = Release|Any CPU
		{E5DFDD50-23CB-E9A1-BF4F-4BF250A75CC4}.Debug|Any CPU.ActiveCfg = Debug|Any CPU
		{E5DFDD50-23CB-E9A1-BF4F-4BF250A75CC4}.Debug|Any CPU.Build.0 = Debug|Any CPU
		{E5DFDD50-23CB-E9A1-BF4F-4BF250A75CC4}.Release|Any CPU.ActiveCfg = Release|Any CPU
		{E5DFDD50-23CB-E9A1-BF4F-4BF250A75CC4}.Release|Any CPU.Build.0 = Release|Any CPU
		{2B87746D-8F1E-C601-27FB-958D64166A7D}.Debug|Any CPU.ActiveCfg = Debug|Any CPU
		{2B87746D-8F1E-C601-27FB-958D64166A7D}.Debug|Any CPU.Build.0 = Debug|Any CPU
		{2B87746D-8F1E-C601-27FB-958D64166A7D}.Release|Any CPU.ActiveCfg = Release|Any CPU
		{2B87746D-8F1E-C601-27FB-958D64166A7D}.Release|Any CPU.Build.0 = Release|Any CPU
		{33EE55B0-433F-BB5E-E6F3-7A30266D525C}.Debug|Any CPU.ActiveCfg = Debug|Any CPU
		{33EE55B0-433F-BB5E-E6F3-7A30266D525C}.Debug|Any CPU.Build.0 = Debug|Any CPU
		{33EE55B0-433F-BB5E-E6F3-7A30266D525C}.Release|Any CPU.ActiveCfg = Release|Any CPU
		{33EE55B0-433F-BB5E-E6F3-7A30266D525C}.Release|Any CPU.Build.0 = Release|Any CPU
		{31E920CC-AE12-D27D-0CC0-C3C346316704}.Debug|Any CPU.ActiveCfg = Debug|Any CPU
		{31E920CC-AE12-D27D-0CC0-C3C346316704}.Debug|Any CPU.Build.0 = Debug|Any CPU
		{31E920CC-AE12-D27D-0CC0-C3C346316704}.Release|Any CPU.ActiveCfg = Release|Any CPU
		{31E920CC-AE12-D27D-0CC0-C3C346316704}.Release|Any CPU.Build.0 = Release|Any CPU
		{6F5F2DBD-B4DE-ECE8-E124-3565CB3E3461}.Debug|Any CPU.ActiveCfg = Debug|Any CPU
		{6F5F2DBD-B4DE-ECE8-E124-3565CB3E3461}.Debug|Any CPU.Build.0 = Debug|Any CPU
		{6F5F2DBD-B4DE-ECE8-E124-3565CB3E3461}.Release|Any CPU.ActiveCfg = Release|Any CPU
		{6F5F2DBD-B4DE-ECE8-E124-3565CB3E3461}.Release|Any CPU.Build.0 = Release|Any CPU
		{DF956A69-1CAD-2820-BA9F-47B975F7B898}.Debug|Any CPU.ActiveCfg = Debug|Any CPU
		{DF956A69-1CAD-2820-BA9F-47B975F7B898}.Debug|Any CPU.Build.0 = Debug|Any CPU
		{DF956A69-1CAD-2820-BA9F-47B975F7B898}.Release|Any CPU.ActiveCfg = Release|Any CPU
		{DF956A69-1CAD-2820-BA9F-47B975F7B898}.Release|Any CPU.Build.0 = Release|Any CPU
		{1E78F4AC-2E65-6168-CA80-5299E3A78C1B}.Debug|Any CPU.ActiveCfg = Debug|Any CPU
		{1E78F4AC-2E65-6168-CA80-5299E3A78C1B}.Debug|Any CPU.Build.0 = Debug|Any CPU
		{1E78F4AC-2E65-6168-CA80-5299E3A78C1B}.Release|Any CPU.ActiveCfg = Release|Any CPU
		{1E78F4AC-2E65-6168-CA80-5299E3A78C1B}.Release|Any CPU.Build.0 = Release|Any CPU
		{0C582531-6F43-ACC6-2DBD-2C0BDB54F319}.Debug|Any CPU.ActiveCfg = Debug|Any CPU
		{0C582531-6F43-ACC6-2DBD-2C0BDB54F319}.Debug|Any CPU.Build.0 = Debug|Any CPU
		{0C582531-6F43-ACC6-2DBD-2C0BDB54F319}.Release|Any CPU.ActiveCfg = Release|Any CPU
		{0C582531-6F43-ACC6-2DBD-2C0BDB54F319}.Release|Any CPU.Build.0 = Release|Any CPU
		{39E7DE0D-85B1-50D6-F47F-FB08F6D10E4B}.Debug|Any CPU.ActiveCfg = Debug|Any CPU
		{39E7DE0D-85B1-50D6-F47F-FB08F6D10E4B}.Debug|Any CPU.Build.0 = Debug|Any CPU
		{39E7DE0D-85B1-50D6-F47F-FB08F6D10E4B}.Release|Any CPU.ActiveCfg = Release|Any CPU
		{39E7DE0D-85B1-50D6-F47F-FB08F6D10E4B}.Release|Any CPU.Build.0 = Release|Any CPU
	EndGlobalSection
	GlobalSection(SolutionProperties) = preSolution
		HideSolutionNode = FALSE
	EndGlobalSection
EndGlobal
